
Microsoft Visual Studio Solution File, Format Version 12.00
# Visual Studio Version 17
VisualStudioVersion = 17.7.34202.233
MinimumVisualStudioVersion = 10.0.40219.1
Project("{9A19103F-16F7-4668-BE54-9A1E7A4F7556}") = "Atividade-02", "..\Atividade-02]\Atividade-02.csproj", "{D19EEAEB-3708-4A26-BA2A-580BD63939A6}"
EndProject
Project("{9A19103F-16F7-4668-BE54-9A1E7A4F7556}") = "Atividade-03", "..\Atividade-03\Atividade-03.csproj", "{F9E403E2-B0F9-4A56-B516-66C4E8048712}"
EndProject
Project("{9A19103F-16F7-4668-BE54-9A1E7A4F7556}") = "Atividade-01", "..\Atividade-01\Atividade-01.csproj", "{709803FA-EB48-4BE4-8C29-D4857F495ED9}"
EndProject
Project("{FAE04EC0-301F-11D3-BF4B-00C04F79EFBC}") = "Atividade-04", "Atividade-04\Atividade-04.csproj", "{9E944245-726E-4006-9F22-04A18E9C0B91}"
EndProject
Global
	GlobalSection(SolutionConfigurationPlatforms) = preSolution
		Debug|Any CPU = Debug|Any CPU
		Release|Any CPU = Release|Any CPU
	EndGlobalSection
	GlobalSection(ProjectConfigurationPlatforms) = postSolution
		{D19EEAEB-3708-4A26-BA2A-580BD63939A6}.Debug|Any CPU.ActiveCfg = Debug|Any CPU
		{D19EEAEB-3708-4A26-BA2A-580BD63939A6}.Debug|Any CPU.Build.0 = Debug|Any CPU
		{D19EEAEB-3708-4A26-BA2A-580BD63939A6}.Release|Any CPU.ActiveCfg = Release|Any CPU
		{D19EEAEB-3708-4A26-BA2A-580BD63939A6}.Release|Any CPU.Build.0 = Release|Any CPU
		{F9E403E2-B0F9-4A56-B516-66C4E8048712}.Debug|Any CPU.ActiveCfg = Debug|Any CPU
		{F9E403E2-B0F9-4A56-B516-66C4E8048712}.Debug|Any CPU.Build.0 = Debug|Any CPU
		{F9E403E2-B0F9-4A56-B516-66C4E8048712}.Release|Any CPU.ActiveCfg = Release|Any CPU
		{F9E403E2-B0F9-4A56-B516-66C4E8048712}.Release|Any CPU.Build.0 = Release|Any CPU
		{709803FA-EB48-4BE4-8C29-D4857F495ED9}.Debug|Any CPU.ActiveCfg = Debug|Any CPU
		{709803FA-EB48-4BE4-8C29-D4857F495ED9}.Debug|Any CPU.Build.0 = Debug|Any CPU
		{709803FA-EB48-4BE4-8C29-D4857F495ED9}.Release|Any CPU.ActiveCfg = Release|Any CPU
		{709803FA-EB48-4BE4-8C29-D4857F495ED9}.Release|Any CPU.Build.0 = Release|Any CPU
		{9E944245-726E-4006-9F22-04A18E9C0B91}.Debug|Any CPU.ActiveCfg = Debug|Any CPU
		{9E944245-726E-4006-9F22-04A18E9C0B91}.Debug|Any CPU.Build.0 = Debug|Any CPU
		{9E944245-726E-4006-9F22-04A18E9C0B91}.Release|Any CPU.ActiveCfg = Release|Any CPU
		{9E944245-726E-4006-9F22-04A18E9C0B91}.Release|Any CPU.Build.0 = Release|Any CPU
	EndGlobalSection
	GlobalSection(SolutionProperties) = preSolution
		HideSolutionNode = FALSE
	EndGlobalSection
	GlobalSection(ExtensibilityGlobals) = postSolution
		SolutionGuid = {182A8AFD-F05B-46B5-BA6A-AC6E8505FF00}
	EndGlobalSection
EndGlobal
